# This file was autogenerated by Stack.
# You should not edit this file by hand.
# For more information, please see the documentation at:
#   https://docs.haskellstack.org/en/stable/lock_files

packages:
- completed:
    hackage: cuda-0.11.0.0@sha256:4e572a36f9ed3d2f8b40d6ce582b98b9ee0f499ed4ef1e88a33bb691e5be28c7,5654
    pantry-tree:
      sha256: 17c3c8916aebd4e410df940c1d114843dab4e449715aeba8ea869d1e8d423bb5
      size: 3857
  original:
    hackage: cuda-0.11.0.0
- completed:
    hackage: nvvm-0.10.0.0@sha256:387b3406b66ed5d8c1f0d8d498b8508fe2dade6e3517d1bfaac7d6fe646a336a,2440
    pantry-tree:
      sha256: cdf6f84fbcf939b86492e85fe680902c90201493f27c944c593982fd4b1a23d1
      size: 684
  original:
    hackage: nvvm-0.10.0.0
- completed:
    hackage: MIP-0.1.1.0@sha256:37329fd2cc4fb2ed4706007220af63611b3c6f6b8529db6e8cc9ebd1bcfe720e,4450
    pantry-tree:
      sha256: 47658a24a179d26b776bbb74042a78264b0e39311150b1d06606305436826c95
      size: 2372
  original:
    hackage: MIP-0.1.1.0
- completed:
    hackage: OptDir-0.0.4@sha256:7a59a4e225a1ea402b82377c9057cf258e45d9d7913b2edd010f7ae8b9e4f8af,861
    pantry-tree:
      sha256: 1acdb5033f2f1750e622fb4a2bf5f5de5eac9d3129a61c3b92bfed17f64d6607
      size: 256
  original:
    hackage: OptDir-0.0.4
- completed:
    hackage: bytestring-encoding-0.1.0.0@sha256:b5bcba36d9c3197ba4707c084b746a9c0124926b1b549d8364ac8895f218a964,1813
    pantry-tree:
      sha256: 516a2c51f2bd9764543c0b1f2fd2738ad9098b10ab1748441bc851a6cc949a56
      size: 713
  original:
    hackage: bytestring-encoding-0.1.0.0
snapshots:
- completed:
    sha256: ce4fb8d44f3c6c6032060a02e0ebb1bd29937c9a70101c1517b92a87d9515160
    size: 586110
    url: https://raw.githubusercontent.com/commercialhaskell/stackage-snapshots/master/lts/18/21.yaml
  original: lts-18.21
